
Microsoft Visual Studio Solution File, Format Version 12.00
# Visual Studio Version 16
VisualStudioVersion = 16.0.29926.136
MinimumVisualStudioVersion = 10.0.40219.1
Project("{FAE04EC0-301F-11D3-BF4B-00C04F79EFBC}") = "ISBusForms", "ISBusForms\ISBusForms.csproj", "{D4B56F66-C6C3-466C-8E4D-6DD878470F65}"
EndProject
Global
	GlobalSection(SolutionConfigurationPlatforms) = preSolution
		Debug|Any CPU = Debug|Any CPU
		Release|Any CPU = Release|Any CPU
	EndGlobalSection
	GlobalSection(ProjectConfigurationPlatforms) = postSolution
		{D4B56F66-C6C3-466C-8E4D-6DD878470F65}.Debug|Any CPU.ActiveCfg = Debug|Any CPU
		{D4B56F66-C6C3-466C-8E4D-6DD878470F65}.Debug|Any CPU.Build.0 = Debug|Any CPU
		{D4B56F66-C6C3-466C-8E4D-6DD878470F65}.Release|Any CPU.ActiveCfg = Release|Any CPU
		{D4B56F66-C6C3-466C-8E4D-6DD878470F65}.Release|Any CPU.Build.0 = Release|Any CPU
	EndGlobalSection
	GlobalSection(SolutionProperties) = preSolution
		HideSolutionNode = FALSE
	EndGlobalSection
	GlobalSection(ExtensibilityGlobals) = postSolution
		SolutionGuid = {BEF44A04-0530-46AB-894D-49123AA69A19}
	EndGlobalSection
EndGlobal
